# This file is automatically @generated by Poetry 2.2.1 and should not be changed by hand.

[[package]]
name = "colorama"
version = "0.4.6"
description = "Cross-platform colored terminal text."
optional = false
python-versions = "!=3.0.*,!=3.1.*,!=3.2.*,!=3.3.*,!=3.4.*,!=3.5.*,!=3.6.*,>=2.7"
groups = ["dev"]
markers = "sys_platform == \"win32\""
files = [
    {file = "colorama-0.4.6-py2.py3-none-any.whl", hash = "sha256:4f1d9991f5acc0ca119f9d443620b77f9d6b33703e51011c16baf57afb285fc6"},
    {file = "colorama-0.4.6.tar.gz", hash = "sha256:08695f5cb7ed6e0531a20572697297273c47b8cae5a63ffc6d6ed5c201be6e44"},
]

[[package]]
name = "fable-library"
version = "5.0.0a21"
description = "Fable library for Python"
optional = false
python-versions = "<4.0,>=3.10"
groups = ["main"]
files = [
    {file = "fable_library-5.0.0a21-cp310-cp310-manylinux_2_17_aarch64.manylinux2014_aarch64.whl", hash = "sha256:b51efae8ca815a91ab891ac79f6cd332e0fa83d2902b0239e5a5b0b04637c948"},
    {file = "fable_library-5.0.0a21-cp310-cp310-manylinux_2_17_armv7l.manylinux2014_armv7l.whl", hash = "sha256:e7f6b0b6b66f833ecf006193614cf13576ae341f82c20e428d539507a67ad96d"},
    {file = "fable_library-5.0.0a21-cp310-cp310-manylinux_2_17_ppc64le.manylinux2014_ppc64le.whl", hash = "sha256:a16883e29d0830852d843680c86aad0782a2af28e6c272ac6d31c9e534aa0456"},
    {file = "fable_library-5.0.0a21-cp310-cp310-manylinux_2_17_s390x.manylinux2014_s390x.whl", hash = "sha256:28d611b8a30083f4d29ecc489f960dcb9f32bd20a8f4b2c11fba43f78af652ba"},
    {file = "fable_library-5.0.0a21-cp310-cp310-manylinux_2_17_x86_64.manylinux2014_x86_64.whl", hash = "sha256:141398c00c27f7ba6db92465b4372aa238de5bb149fb7ca2a97cb8b21cd21621"},
    {file = "fable_library-5.0.0a21-cp310-cp310-manylinux_2_5_i686.manylinux1_i686.whl", hash = "sha256:cdcc32f7bca8363a761b52db2513677c260d673e0d8e8837691bf5748aadf54e"},
    {file = "fable_library-5.0.0a21-cp310-cp310-musllinux_1_2_aarch64.whl", hash = "sha256:77a4924fe45e65296cbc3795501645bea082fe1edbdedb6c2b2041ef12a7a712"},
    {file = "fable_library-5.0.0a21-cp310-cp310-musllinux_1_2_armv7l.whl", hash = "sha256:38c399929dbd862c1068555e149d74061e5509ffe659ae08d2dfbf51f4ec2273"},
    {file = "fable_library-5.0.0a21-cp310-cp310-musllinux_1_2_i686.whl", hash = "sha256:6d5dfb3976ac9891146ab3ec2f8147bdd0df0b89bc1b9b91633eb73851adbe55"},
    {file = "fable_library-5.0.0a21-cp310-cp310-musllinux_1_2_x86_64.whl", hash = "sha256:4a17635c0e5e9ac33ee4aed94e57e14b995036a4367ea46e5707d6b6a0d20640"},
    {file = "fable_library-5.0.0a21-cp310-cp310-win_amd64.whl", hash = "sha256:a4e2573f98f7365c732f446d76b107e685e1aa035119b6906baa479e2cbbd6a9"},
    {file = "fable_library-5.0.0a21-cp311-cp311-macosx_10_12_x86_64.whl", hash = "sha256:7b45a004410ba07201d0387411b74cad04945674bb4aa6dbcad355cbc3c9adf9"},
    {file = "fable_library-5.0.0a21-cp311-cp311-macosx_11_0_arm64.whl", hash = "sha256:264f4234e64d35f6ee893c2d55df3cf20009bb69d6b8306a7fc5dbf2ae8fb8ef"},
    {file = "fable_library-5.0.0a21-cp311-cp311-manylinux_2_17_aarch64.manylinux2014_aarch64.whl", hash = "sha256:0b561e8ec4ea389e2cb9fe86e246f27a4d5251a110a5c59acb27a3baef2c5b27"},
    {file = "fable_library-5.0.0a21-cp311-cp311-manylinux_2_17_armv7l.manylinux2014_armv7l.whl", hash = "sha256:ca47808bfc809b484d2ad4ce7d72971eea879cd0603e50e6a1202dcf2a67bcb9"},
    {file = "fable_library-5.0.0a21-cp311-cp311-manylinux_2_17_ppc64le.manylinux2014_ppc64le.whl", hash = "sha256:0b15358b4b2de69f322b031bd6852ab1da8111f3540037704d5bb96265db78b8"},
    {file = "fable_library-5.0.0a21-cp311-cp311-manylinux_2_17_s390x.manylinux2014_s390x.whl", hash = "sha256:e1c1e498a52fdd363b3ffb9450ce49dff2bd49056342ef9ae016785a88adb52e"},
    {file = "fable_library-5.0.0a21-cp311-cp311-manylinux_2_17_x86_64.manylinux2014_x86_64.whl", hash = "sha256:5321b48ac8ee3294bdabd25b438b1bed46ef1479f456d2d16059ee3dec441c06"},
    {file = "fable_library-5.0.0a21-cp311-cp311-manylinux_2_5_i686.manylinux1_i686.whl", hash = "sha256:cd9775810aa34c827bd55e3270c0cd81496cdea80aecc7a9407d064b1e7e83b9"},
    {file = "fable_library-5.0.0a21-cp311-cp311-musllinux_1_2_aarch64.whl", hash = "sha256:8a6e5cf5577f3f7eccf4bba094d3bbea14708ad2a305cee4c1200a9813622a86"},
    {file = "fable_library-5.0.0a21-cp311-cp311-musllinux_1_2_armv7l.whl", hash = "sha256:d8db13d98e69c90dd451f3cdf7806d216f332372702e38b43d581b4d92104e04"},
    {file = "fable_library-5.0.0a21-cp311-cp311-musllinux_1_2_i686.whl", hash = "sha256:2d48c952ae672bdd51f527d61995fe6650d6f6c8cc6155a5b78c09f6d83b5cbd"},
    {file = "fable_library-5.0.0a21-cp311-cp311-musllinux_1_2_x86_64.whl", hash = "sha256:a03ad95ac460aff502d0f2cd352f69dc080da66f89645b5169effd1bd887b0a0"},
    {file = "fable_library-5.0.0a21-cp311-cp311-win_amd64.whl", hash = "sha256:30884e644c0cb0be23f1558d1e7078b0221b04e21195457b3aa675352878b191"},
    {file = "fable_library-5.0.0a21-cp312-cp312-macosx_10_12_x86_64.whl", hash = "sha256:5f86cef2e506b0cafab9f67cbaae4858fd2f3b2bc8860b56e31b48e1a83bcd1c"},
    {file = "fable_library-5.0.0a21-cp312-cp312-macosx_11_0_arm64.whl", hash = "sha256:738dea9483156cbfcdf9786142d7bdf3745013ac57672d5f23650067b675c09d"},
    {file = "fable_library-5.0.0a21-cp312-cp312-manylinux_2_17_aarch64.manylinux2014_aarch64.whl", hash = "sha256:6d655ebe556df59dbf37796e544f4e4f1a18d7c7d7cd6ad3af60291556aeaf7c"},
    {file = "fable_library-5.0.0a21-cp312-cp312-manylinux_2_17_armv7l.manylinux2014_armv7l.whl", hash = "sha256:c29c4916e40bc506dda2ea8300c0f09307cbc1d1f8e276587a015a08981b6aa7"},
    {file = "fable_library-5.0.0a21-cp312-cp312-manylinux_2_17_ppc64le.manylinux2014_ppc64le.whl", hash = "sha256:296a2310786a574ac5dc3e184ca3a896050640d19fe3f6f704b2cedf257d58c4"},
    {file = "fable_library-5.0.0a21-cp312-cp312-manylinux_2_17_s390x.manylinux2014_s390x.whl", hash = "sha256:ca439be8d6bd8b26a9965dc8c68810e887c60fdcd70e90452d117b2d75cab4f1"},
    {file = "fable_library-5.0.0a21-cp312-cp312-manylinux_2_17_x86_64.manylinux2014_x86_64.whl", hash = "sha256:0947a2ca5dbe04dfd1171ed02df33d24f32cf13cce90e704f90431c90bca876a"},
    {file = "fable_library-5.0.0a21-cp312-cp312-manylinux_2_5_i686.manylinux1_i686.whl", hash = "sha256:a33ae7efbff7cbdd9eb4668493adf5a9e759a20cc7430006d75f3e61c28e5d15"},
    {file = "fable_library-5.0.0a21-cp312-cp312-musllinux_1_2_aarch64.whl", hash = "sha256:2b874d720199da165d82a6049ec3338ecb2727dd0233f120c6cf0c7f97c4420d"},
    {file = "fable_library-5.0.0a21-cp312-cp312-musllinux_1_2_armv7l.whl", hash = "sha256:a57fe6044df6bfbb8d421c6ac5f5b2a53ef7193b138212db2881eda2b7b08faf"},
    {file = "fable_library-5.0.0a21-cp312-cp312-musllinux_1_2_i686.whl", hash = "sha256:80c5c884c83536e94e429ce7d07f995bbe05153eea629f512308dd8043d8661b"},
    {file = "fable_library-5.0.0a21-cp312-cp312-musllinux_1_2_x86_64.whl", hash = "sha256:997858c7d665f05f8bd121fb55ee5632644ccc084aec01b5af8a594fcd71c40c"},
    {file = "fable_library-5.0.0a21-cp312-cp312-win_amd64.whl", hash = "sha256:75b1df34665861c7f89fccd7c1718cf741df01777bcd3c90c850fe0926f753d0"},
    {file = "fable_library-5.0.0a21-cp313-cp313-macosx_10_12_x86_64.whl", hash = "sha256:4acc923cf88d46966db1989297cf838903cad766b41588d0c62295cca5bd6494"},
    {file = "fable_library-5.0.0a21-cp313-cp313-macosx_11_0_arm64.whl", hash = "sha256:bfcb8dff2e2de20f650f6f310a8a8bb082a94de21c0c1d33862b801576450c3a"},
    {file = "fable_library-5.0.0a21-cp313-cp313-manylinux_2_17_aarch64.manylinux2014_aarch64.whl", hash = "sha256:ce0d7c07ee30dedca6c49ef9d6a445e09bd6a054e9c1768ad8cc5b6e04719df2"},
    {file = "fable_library-5.0.0a21-cp313-cp313-manylinux_2_17_armv7l.manylinux2014_armv7l.whl", hash = "sha256:903a47e2d15a142228868598570eec0e3602b49d3751262b55ac812202a8bb3c"},
    {file = "fable_library-5.0.0a21-cp313-cp313-manylinux_2_17_ppc64le.manylinux2014_ppc64le.whl", hash = "sha256:1968a47644fd3a04bb1610fe8737ede16dcdabe2abea62b9687049752c91008f"},
    {file = "fable_library-5.0.0a21-cp313-cp313-manylinux_2_17_s390x.manylinux2014_s390x.whl", hash = "sha256:840e1b13ae04dfa7ec18d451bcb2c851ef5fd0d35bfec9fa7c7ae5a9e78c96be"},
    {file = "fable_library-5.0.0a21-cp313-cp313-manylinux_2_17_x86_64.manylinux2014_x86_64.whl", hash = "sha256:0e8e3a6d3858975b68566fd90a1c64f07759bd3fc0739693e57946618b576721"},
    {file = "fable_library-5.0.0a21-cp313-cp313-manylinux_2_5_i686.manylinux1_i686.whl", hash = "sha256:1f16bc2094308697b06b396f058eda9e539af286692ffd98b690c27b06196349"},
    {file = "fable_library-5.0.0a21-cp313-cp313-musllinux_1_2_aarch64.whl", hash = "sha256:9c5f1129068691dfafaafd67cc322f973c3c4f41d30e4a3e532bb109709d76e2"},
    {file = "fable_library-5.0.0a21-cp313-cp313-musllinux_1_2_armv7l.whl", hash = "sha256:9ca3aab9844a5461f46d0f4d6bf7d2a0ab9f87b28518f2fafd1c004cd954a35e"},
    {file = "fable_library-5.0.0a21-cp313-cp313-musllinux_1_2_i686.whl", hash = "sha256:c3de19fa46a023ca040783aa464203b8d8f400d8de93b585685bd8ed1e5cf566"},
    {file = "fable_library-5.0.0a21-cp313-cp313-musllinux_1_2_x86_64.whl", hash = "sha256:1d46c2697274b52ebfedbdc9f153aa7129ed4388bbb2ba2aa99c9bc1cafccd64"},
    {file = "fable_library-5.0.0a21-cp313-cp313-win_amd64.whl", hash = "sha256:03b6c65e4dcf945f2e5b8a74b2df7e7f8208bfef05616b257b450cae6044f12b"},
    {file = "fable_library-5.0.0a21-cp313-cp313t-manylinux_2_17_aarch64.manylinux2014_aarch64.whl", hash = "sha256:228558397179770ad02557a1bdaf104bddbbb730663d50f69ab8f66a469ee18a"},
    {file = "fable_library-5.0.0a21-cp313-cp313t-manylinux_2_17_armv7l.manylinux2014_armv7l.whl", hash = "sha256:bba9401c1a77df69b5013a773f020b10f7838fec9263647e165e29d017dcea17"},
    {file = "fable_library-5.0.0a21-cp313-cp313t-manylinux_2_17_ppc64le.manylinux2014_ppc64le.whl", hash = "sha256:25f93beef3cbb8db1f6a97793465cef1f789e83e751084ad671120d8a666b71a"},
    {file = "fable_library-5.0.0a21-cp313-cp313t-manylinux_2_17_s390x.manylinux2014_s390x.whl", hash = "sha256:f664ec1cdc558a6bf8e5647356b22cc0a914de0db73e9cb7235a16d231593349"},
    {file = "fable_library-5.0.0a21-cp313-cp313t-musllinux_1_2_aarch64.whl", hash = "sha256:a3535290e9a23dcb1c13c16d2801398438116d72eae2d2979ec84cfb74c1d7f9"},
    {file = "fable_library-5.0.0a21-cp313-cp313t-musllinux_1_2_armv7l.whl", hash = "sha256:571b07c6f88c7fc510de6f02c21bb2722b675b1121f53a193fc089c4f4806d94"},
    {file = "fable_library-5.0.0a21-cp313-cp313t-musllinux_1_2_i686.whl", hash = "sha256:ff60f1fe56c838a97b0f98762ba2fb6603f84db55ae2a66487e188c20127e774"},
    {file = "fable_library-5.0.0a21-cp313-cp313t-musllinux_1_2_x86_64.whl", hash = "sha256:8a1288a2a2dbfe1708c0f76dc882cc69590495d140723c3f2b4bf030dab60f16"},
    {file = "fable_library-5.0.0a21-cp314-cp314-macosx_10_12_x86_64.whl", hash = "sha256:accc2f6316c8930139aa670a0ac23f87b2bcafb87c8b541ad6384b4c028836c1"},
    {file = "fable_library-5.0.0a21-cp314-cp314-macosx_11_0_arm64.whl", hash = "sha256:f3ee5298a93143ce4ade9ecbf81abf46aac620378ae8233a14d832a956aca82e"},
    {file = "fable_library-5.0.0a21-cp314-cp314-manylinux_2_17_aarch64.manylinux2014_aarch64.whl", hash = "sha256:215b9db35b91a424de668e5654f0293418e2158137b969bf472f5a7d4d67d71f"},
    {file = "fable_library-5.0.0a21-cp314-cp314-manylinux_2_17_armv7l.manylinux2014_armv7l.whl", hash = "sha256:7c3e4efa2167363af0d6e4e9466ea239b249bd51646c03eca5c9ed5e49915994"},
    {file = "fable_library-5.0.0a21-cp314-cp314-manylinux_2_17_ppc64le.manylinux2014_ppc64le.whl", hash = "sha256:d92f886c089ce2326e46af7b28b1df9b117b19316ae02c9b5f963971d0f6091b"},
    {file = "fable_library-5.0.0a21-cp314-cp314-manylinux_2_17_s390x.manylinux2014_s390x.whl", hash = "sha256:836c8006897fa244461a94f04c4767d785a69f1b326399ce1fa479180c452fa3"},
    {file = "fable_library-5.0.0a21-cp314-cp314-manylinux_2_17_x86_64.manylinux2014_x86_64.whl", hash = "sha256:3b951bbe9397546d65bf9b1360c912d083105405ceaa2e885189bdf19ee75f0b"},
    {file = "fable_library-5.0.0a21-cp314-cp314-manylinux_2_5_i686.manylinux1_i686.whl", hash = "sha256:e45e95f60c9bca40af58384c0617065bde8e65708e77f7193c87d77e4596d883"},
    {file = "fable_library-5.0.0a21-cp314-cp314-musllinux_1_2_aarch64.whl", hash = "sha256:fe04a27c1423df748c3b25025412b88e181f9fc2bc5237608baf7ad63e7833ba"},
    {file = "fable_library-5.0.0a21-cp314-cp314-musllinux_1_2_armv7l.whl", hash = "sha256:124b6545eaf5a11a227b6119d4cb9af84b7d0438c5ce08237eca843496577359"},
    {file = "fable_library-5.0.0a21-cp314-cp314-musllinux_1_2_i686.whl", hash = "sha256:011218cbbee08aa48dd2f756e764f3225ea9b3b33a0c1b6ff6c1c7195f05f174"},
    {file = "fable_library-5.0.0a21-cp314-cp314-musllinux_1_2_x86_64.whl", hash = "sha256:ef6db0292ff1908a28f439f0daf980b32731b83506f35a68ed2a83aa0fc33b34"},
    {file = "fable_library-5.0.0a21-cp314-cp314-win32.whl", hash = "sha256:e2ed7dfd4d1a7bcb6725910e98a41603210bd7cb882ac8765c996a1e596b641c"},
    {file = "fable_library-5.0.0a21-cp314-cp314-win_amd64.whl", hash = "sha256:699a3e52a07c0a1499eee5d263f1378f217eea660f98446e1691c536b600e40c"},
    {file = "fable_library-5.0.0a21-cp314-cp314t-manylinux_2_17_aarch64.manylinux2014_aarch64.whl", hash = "sha256:63040652d4f85962959aa9a19be84c8252ebbff5346f5da6c467a5205e6938a6"},
    {file = "fable_library-5.0.0a21-cp314-cp314t-manylinux_2_17_armv7l.manylinux2014_armv7l.whl", hash = "sha256:5577775317cb2b65c75fdc78d85bdbf3ffc233bbbb87010bb5e2ccb4c3ed20eb"},
    {file = "fable_library-5.0.0a21-cp314-cp314t-manylinux_2_17_ppc64le.manylinux2014_ppc64le.whl", hash = "sha256:26bfd067f4047e08de1a8611aef3db8a3faf60e8c5d3cfbe39c98ab84ce842f4"},
    {file = "fable_library-5.0.0a21-cp314-cp314t-manylinux_2_17_s390x.manylinux2014_s390x.whl", hash = "sha256:fc9ed260c6d55d4030f51794e4488535cd262bb43e758b6cdd2c6b0247ce5cff"},
    {file = "fable_library-5.0.0a21-cp314-cp314t-musllinux_1_2_aarch64.whl", hash = "sha256:7ce7de39cb95cc206fd08329a3201a9901580df702ab74389033f42a6cf7a87b"},
    {file = "fable_library-5.0.0a21-cp314-cp314t-musllinux_1_2_armv7l.whl", hash = "sha256:7f3d7471b9968f6d96a861b8e303f6ef2f3d026fc43fc6e3fea405e4621f5c82"},
    {file = "fable_library-5.0.0a21-cp314-cp314t-musllinux_1_2_i686.whl", hash = "sha256:f926ba42a34c30eb2ab049bea4c7a16c1b37258a7be0b4c9dd7eb9674d19784c"},
    {file = "fable_library-5.0.0a21-cp314-cp314t-musllinux_1_2_x86_64.whl", hash = "sha256:72b34f003778d7952c896aa20eae5bdd575e983d71633c6a44e35753d002c4d2"},
    {file = "fable_library-5.0.0a21-pp311-pypy311_pp73-manylinux_2_17_aarch64.manylinux2014_aarch64.whl", hash = "sha256:1d741c57efcd6247e609b3b439fcb84715cb4129dbe5ca7f2a88ed36543e7ad0"},
    {file = "fable_library-5.0.0a21-pp311-pypy311_pp73-manylinux_2_17_armv7l.manylinux2014_armv7l.whl", hash = "sha256:da889b6d7bba21ca67f9a358514de8029c4b8a12c47020318e1743e66cddcdaf"},
    {file = "fable_library-5.0.0a21-pp311-pypy311_pp73-manylinux_2_17_ppc64le.manylinux2014_ppc64le.whl", hash = "sha256:c3341b81a5b646d91a07899776663302bca6a8b2af5319a24705b2510f38a78d"},
    {file = "fable_library-5.0.0a21-pp311-pypy311_pp73-manylinux_2_17_s390x.manylinux2014_s390x.whl", hash = "sha256:380e262e3d860daabcd010c9d93e36b9be557b4bcc33b634ccb4d2616dabb4df"},
    {file = "fable_library-5.0.0a21-pp311-pypy311_pp73-manylinux_2_17_x86_64.manylinux2014_x86_64.whl", hash = "sha256:eef95774be3148b4fd61f890b63e6d59b65225de1f61d138bb76c19a5efb78db"},
    {file = "fable_library-5.0.0a21-pp311-pypy311_pp73-manylinux_2_5_i686.manylinux1_i686.whl", hash = "sha256:8fe864786b62ba9874703be4e8662427437c9ebd9804d32c0378ceffdb6fdac5"},
    {file = "fable_library-5.0.0a21-pp311-pypy311_pp73-musllinux_1_2_aarch64.whl", hash = "sha256:cd7f89662c29bed6ed2b98d07d63018e535ae2c33a8943b4ce399b184f0b1b45"},
    {file = "fable_library-5.0.0a21-pp311-pypy311_pp73-musllinux_1_2_armv7l.whl", hash = "sha256:abcfd24429f717d5474f899ee6c78d7cecd88629fb5e63d9d478366133de245c"},
    {file = "fable_library-5.0.0a21-pp311-pypy311_pp73-musllinux_1_2_i686.whl", hash = "sha256:f1024c665d72e4636b6702e8449ee2b7e21f1f949b50dd5fc5fdebaef2e9ba65"},
    {file = "fable_library-5.0.0a21-pp311-pypy311_pp73-musllinux_1_2_x86_64.whl", hash = "sha256:5e266ec784be16e935c22de32df16ffbfbfc536fe34170019acc9d8637050e59"},
    {file = "fable_library-5.0.0a21.tar.gz", hash = "sha256:00574343fcf4da48509e5028b7b7083d12c8714924cd22ad7affbbbf49f7e0c4"},
]

[[package]]
name = "iniconfig"
version = "2.0.0"
description = "brain-dead simple config-ini parsing"
optional = false
python-versions = ">=3.7"
groups = ["dev"]
files = [
    {file = "iniconfig-2.0.0-py3-none-any.whl", hash = "sha256:b6a85871a79d2e3b22d2d1b94ac2824226a63c6b741c88f7ae975f18b6778374"},
    {file = "iniconfig-2.0.0.tar.gz", hash = "sha256:2d91e135bf72d31a410b17c16da610a82cb55f6b0477d1a902134b24a455b8b3"},
]

[[package]]
name = "packaging"
version = "24.0"
description = "Core utilities for Python packages"
optional = false
python-versions = ">=3.7"
groups = ["dev"]
files = [
    {file = "packaging-24.0-py3-none-any.whl", hash = "sha256:2ddfb553fdf02fb784c234c7ba6ccc288296ceabec964ad2eae3777778130bc5"},
    {file = "packaging-24.0.tar.gz", hash = "sha256:eb82c5e3e56209074766e6885bb04b8c38a0c015d0a30036ebe7ece34c9989e9"},
]

[[package]]
name = "pluggy"
version = "1.5.0"
description = "plugin and hook calling mechanisms for python"
optional = false
python-versions = ">=3.8"
groups = ["dev"]
files = [
    {file = "pluggy-1.5.0-py3-none-any.whl", hash = "sha256:44e1ad92c8ca002de6377e165f3e0f1be63266ab4d554740532335b9d75ea669"},
    {file = "pluggy-1.5.0.tar.gz", hash = "sha256:2cffa88e94fdc978c4c574f15f9e59b7f4201d439195c3715ca9e2486f1d0cf1"},
]

[package.extras]
dev = ["pre-commit", "tox"]
testing = ["pytest", "pytest-benchmark"]

[[package]]
name = "pytest"
version = "8.2.1"
description = "pytest: simple powerful testing with Python"
optional = false
python-versions = ">=3.8"
groups = ["dev"]
files = [
    {file = "pytest-8.2.1-py3-none-any.whl", hash = "sha256:faccc5d332b8c3719f40283d0d44aa5cf101cec36f88cde9ed8f2bc0538612b1"},
    {file = "pytest-8.2.1.tar.gz", hash = "sha256:5046e5b46d8e4cac199c373041f26be56fdb81eb4e67dc11d4e10811fc3408fd"},
]

[package.dependencies]
colorama = {version = "*", markers = "sys_platform == \"win32\""}
iniconfig = "*"
packaging = "*"
pluggy = ">=1.5,<2.0"

[package.extras]
dev = ["argcomplete", "attrs (>=19.2)", "hypothesis (>=3.56)", "mock", "pygments (>=2.7.2)", "requests", "setuptools", "xmlschema"]

[metadata]
lock-version = "2.1"
python-versions = "^3.14"
content-hash = "f8d372bf392b1e25fa2912f629ba86df768391b5a7357b0b9860ed1c1e41c4ef"
