version = 1
revision = 3
requires-python = ">=3.14"

[[package]]
name = "colorama"
version = "0.4.6"
source = { registry = "https://pypi.org/simple" }
sdist = { url = "https://files.pythonhosted.org/packages/d8/53/6f443c9a4a8358a93a6792e2acffb9d9d5cb0a5cfd8802644b7b1c9a02e4/colorama-0.4.6.tar.gz", hash = "sha256:08695f5cb7ed6e0531a20572697297273c47b8cae5a63ffc6d6ed5c201be6e44", size = 27697, upload-time = "2022-10-25T02:36:22.414Z" }
wheels = [
    { url = "https://files.pythonhosted.org/packages/d1/d6/3965ed04c63042e047cb6a3e6ed1a63a35087b6a609aa3a15ed8ac56c221/colorama-0.4.6-py2.py3-none-any.whl", hash = "sha256:4f1d9991f5acc0ca119f9d443620b77f9d6b33703e51011c16baf57afb285fc6", size = 25335, upload-time = "2022-10-25T02:36:20.889Z" },
]

[[package]]
name = "fable-library"
version = "5.0.0"
source = { registry = "https://pypi.org/simple" }
sdist = { url = "https://files.pythonhosted.org/packages/84/09/e304c0a9e2e82885aaf5891fe697cdd31a6d3fb93fea50650171a9e5e90b/fable_library-5.0.0.tar.gz", hash = "sha256:b473d156c979d8b657df1029a5744a4ebde523c8e9215ba55c3dbf5c5f326e66", size = 223765, upload-time = "2026-04-21T09:11:29.586Z" }
wheels = [
    { url = "https://files.pythonhosted.org/packages/9e/08/48c06c8d389ee951b613a4aee101f12822135744024f074913878c2cfefb/fable_library-5.0.0-cp314-cp314-macosx_10_12_x86_64.whl", hash = "sha256:681adabd5ee7993131284b044ac70e4629149f6d3538e44fb1f79d416a1b2a76", size = 1729414, upload-time = "2026-04-21T09:10:38.153Z" },
    { url = "https://files.pythonhosted.org/packages/a7/45/81d0e33a5dd6a571dd1143af51b0d6f255c06aa9059419924deaf7cd9b29/fable_library-5.0.0-cp314-cp314-macosx_11_0_arm64.whl", hash = "sha256:ba63d177ebbe91faacedfa3a7e192d76fdd5eb9f2b8524493f4b36354e38eec6", size = 1639287, upload-time = "2026-04-21T09:10:31.498Z" },
    { url = "https://files.pythonhosted.org/packages/8f/78/6dd2da3d82ceb1f833a198447e6ab6728211afa669598d4f96c977599d00/fable_library-5.0.0-cp314-cp314-manylinux_2_17_aarch64.manylinux2014_aarch64.whl", hash = "sha256:847a795f2b672316ca978659491ad4b314fdbab6ebc547cb873fe48abef8f2a7", size = 1753451, upload-time = "2026-04-21T09:09:27.413Z" },
    { url = "https://files.pythonhosted.org/packages/62/e3/ff42be408c742a0e14ecfdf06dac1100c9810b123fbce02b74978f24c063/fable_library-5.0.0-cp314-cp314-manylinux_2_17_armv7l.manylinux2014_armv7l.whl", hash = "sha256:1c5f12cd6076228c6e7ab49412a0e29bd0003c08965703eb97dd402bf70ce376", size = 1720564, upload-time = "2026-04-21T09:09:39.262Z" },
    { url = "https://files.pythonhosted.org/packages/aa/dc/ae5231d0c5f140003a3b8542b3cf05f59068cae98943d6ce391baa9c1050/fable_library-5.0.0-cp314-cp314-manylinux_2_17_ppc64le.manylinux2014_ppc64le.whl", hash = "sha256:babccb4f34d95b736aae5321a91fae72c05e6f6984a8609d3e3a677b82926dc5", size = 1922316, upload-time = "2026-04-21T09:09:52.053Z" },
    { url = "https://files.pythonhosted.org/packages/dc/97/49982d0e7c9f8f27dff1999210a9e88573ab967d76e3e199825d8a08447e/fable_library-5.0.0-cp314-cp314-manylinux_2_17_s390x.manylinux2014_s390x.whl", hash = "sha256:4742e93d3a0b92009ca05c53f6e5545acf121ea2111e875acb0ff0c41f4956dd", size = 1858802, upload-time = "2026-04-21T09:10:04.85Z" },
    { url = "https://files.pythonhosted.org/packages/b8/2e/8af4f88de967ebfdc5dd7933500958c39ecc49f1a6a6987a07c5ccf0b971/fable_library-5.0.0-cp314-cp314-manylinux_2_17_x86_64.manylinux2014_x86_64.whl", hash = "sha256:200e66e53a4359f6da67be5587754e34f64ba979e10c4c4778e443da5757f884", size = 1767625, upload-time = "2026-04-21T09:10:24.53Z" },
    { url = "https://files.pythonhosted.org/packages/da/88/1b615bcf12ede96a8fa722aa1c4b3a52ab4502db67869bf4a4bfb09aaad4/fable_library-5.0.0-cp314-cp314-manylinux_2_5_i686.manylinux1_i686.whl", hash = "sha256:68288a44ac91c0511248d6daba16d980027dd0be49c46dd6a1fc5864add313cd", size = 1858132, upload-time = "2026-04-21T09:10:15.883Z" },
    { url = "https://files.pythonhosted.org/packages/c6/ea/5b91ecb4370be034a2dc0bbfaa3aaf3f9a64f2984639856248ba795ce845/fable_library-5.0.0-cp314-cp314-musllinux_1_2_aarch64.whl", hash = "sha256:dbb16632c02ad4a3ee05a89df8579cb9cb9c9a829a249f01f2a99b3851e094ad", size = 1928979, upload-time = "2026-04-21T09:10:48.041Z" },
    { url = "https://files.pythonhosted.org/packages/0e/cf/6d31965d55981d7779a2315fbf29deedc311d8ca268ce47fe6e82c0bf675/fable_library-5.0.0-cp314-cp314-musllinux_1_2_armv7l.whl", hash = "sha256:2d792cdef5dddd1da4bb48a3452a408daf04f4a84973e3334457b995c46422e3", size = 2001054, upload-time = "2026-04-21T09:11:00.535Z" },
    { url = "https://files.pythonhosted.org/packages/92/c8/d9e4e7239dacbcd443ae9bb83a792e2ebfda974c6764df019a9ff89ae575/fable_library-5.0.0-cp314-cp314-musllinux_1_2_i686.whl", hash = "sha256:8f3803f178ac939169f3aff057d4fd870e321c593d01607f49c5797d21528936", size = 2011166, upload-time = "2026-04-21T09:11:13.063Z" },
    { url = "https://files.pythonhosted.org/packages/09/0c/514619c984ba850974ccb2025515d5bd210b6d00e284be1c3e71b1e8f90d/fable_library-5.0.0-cp314-cp314-musllinux_1_2_x86_64.whl", hash = "sha256:b735a4f67cc63ff51b76a32769a7e94746baafb547dd99ed06ee7792f209dbdd", size = 2031318, upload-time = "2026-04-21T09:11:25.052Z" },
    { url = "https://files.pythonhosted.org/packages/e2/04/2f7dbf6a3f3a41c30b9152c96d917692d9ba00e4ecbc170569368b09ba17/fable_library-5.0.0-cp314-cp314-win32.whl", hash = "sha256:9c2f69da2854ea4b1bf5dd0a38d4ad2dcb3aa95d0795f4f2e3f1c09c7ba2300f", size = 1351402, upload-time = "2026-04-21T09:11:38.702Z" },
    { url = "https://files.pythonhosted.org/packages/0c/2b/be1606d34aa7f68974ce8643d54c31c40dea89a7e42eb43f840ee73df165/fable_library-5.0.0-cp314-cp314-win_amd64.whl", hash = "sha256:d26d05459b5579021fefcd0ee836dc6a2000235c4c5a72f23f44161a5e317072", size = 1496955, upload-time = "2026-04-21T09:11:36.939Z" },
    { url = "https://files.pythonhosted.org/packages/eb/fa/457ea99a809013b54ba3163d1e17a33c7d6bc0bd819468688afbb0219c91/fable_library-5.0.0-cp314-cp314t-manylinux_2_17_aarch64.manylinux2014_aarch64.whl", hash = "sha256:a9d3e26862f67b015d612f897976ebaed91e12b382745561b33d56d363266e70", size = 1766466, upload-time = "2026-04-21T09:09:29.085Z" },
    { url = "https://files.pythonhosted.org/packages/95/7a/970c3ed763f0dfba0d0a6de0484b725ef62df9102ecc6035a1ab5affe656/fable_library-5.0.0-cp314-cp314t-manylinux_2_17_armv7l.manylinux2014_armv7l.whl", hash = "sha256:4f4c11001519721f5598348cac8a8cb0576844545c9c061f76c02b30eb88b93d", size = 1740328, upload-time = "2026-04-21T09:09:40.63Z" },
    { url = "https://files.pythonhosted.org/packages/f5/89/3dfca39b0cfbc4033fd2f5ca289ad14c1f7b296e137a7c4ca007c21f37f1/fable_library-5.0.0-cp314-cp314t-manylinux_2_17_ppc64le.manylinux2014_ppc64le.whl", hash = "sha256:64e3fc6b644449e82edc20caa54a64cfbeb8006e0dd462babef023a99cee2008", size = 1937365, upload-time = "2026-04-21T09:09:53.78Z" },
    { url = "https://files.pythonhosted.org/packages/2f/c6/f4476b007119f91ff59f97f3c465c961a7713784be5bb4aa61be01ec535a/fable_library-5.0.0-cp314-cp314t-manylinux_2_17_s390x.manylinux2014_s390x.whl", hash = "sha256:f17638eded8a9f276fcf1d93c09c3443018499e2524b64b284e52422153f9012", size = 1879908, upload-time = "2026-04-21T09:10:06.464Z" },
    { url = "https://files.pythonhosted.org/packages/aa/7c/3a6cb1605dcc950a8e76fe27daf887361807a966bccdc68cfc93a3c02f9d/fable_library-5.0.0-cp314-cp314t-musllinux_1_2_aarch64.whl", hash = "sha256:fbaf128ef653fdab36aa2016ae71f7f5648d88ce7d5ab80b73eec760e6e278e2", size = 1939969, upload-time = "2026-04-21T09:10:49.714Z" },
    { url = "https://files.pythonhosted.org/packages/ec/3e/65512a54cf4c3b7efc328e20df6d2ac5ab72ec71316f02ca619f0de11d4e/fable_library-5.0.0-cp314-cp314t-musllinux_1_2_armv7l.whl", hash = "sha256:073590ef6ff58131652c9e536bd3abe2f112226aceb47085401ed216eec13b19", size = 2019634, upload-time = "2026-04-21T09:11:01.979Z" },
    { url = "https://files.pythonhosted.org/packages/50/63/cd860ee567aa700b0f498af05da415c2776098894f97d1593082a80d3a31/fable_library-5.0.0-cp314-cp314t-musllinux_1_2_i686.whl", hash = "sha256:eaf396be1c1ba293bebe1998cffc34cb41ebd6255704634eda7063d2e5de152e", size = 2029882, upload-time = "2026-04-21T09:11:14.605Z" },
    { url = "https://files.pythonhosted.org/packages/4d/c2/5d128617d630b14296871d23088702f995d0c3d3c9b52cc23e8dd16d215c/fable_library-5.0.0-cp314-cp314t-musllinux_1_2_x86_64.whl", hash = "sha256:d10cbb2b97432b4e04edc0f091fbf259fc3002b9c6174382cf38ac9c1391a7e1", size = 2049773, upload-time = "2026-04-21T09:11:26.472Z" },
]

[[package]]
name = "iniconfig"
version = "2.3.0"
source = { registry = "https://pypi.org/simple" }
sdist = { url = "https://files.pythonhosted.org/packages/72/34/14ca021ce8e5dfedc35312d08ba8bf51fdd999c576889fc2c24cb97f4f10/iniconfig-2.3.0.tar.gz", hash = "sha256:c76315c77db068650d49c5b56314774a7804df16fee4402c1f19d6d15d8c4730", size = 20503, upload-time = "2025-10-18T21:55:43.219Z" }
wheels = [
    { url = "https://files.pythonhosted.org/packages/cb/b1/3846dd7f199d53cb17f49cba7e651e9ce294d8497c8c150530ed11865bb8/iniconfig-2.3.0-py3-none-any.whl", hash = "sha256:f631c04d2c48c52b84d0d0549c99ff3859c98df65b3101406327ecc7d53fbf12", size = 7484, upload-time = "2025-10-18T21:55:41.639Z" },
]

[[package]]
name = "packaging"
version = "25.0"
source = { registry = "https://pypi.org/simple" }
sdist = { url = "https://files.pythonhosted.org/packages/a1/d4/1fc4078c65507b51b96ca8f8c3ba19e6a61c8253c72794544580a7b6c24d/packaging-25.0.tar.gz", hash = "sha256:d443872c98d677bf60f6a1f2f8c1cb748e8fe762d2bf9d3148b5599295b0fc4f", size = 165727, upload-time = "2025-04-19T11:48:59.673Z" }
wheels = [
    { url = "https://files.pythonhosted.org/packages/20/12/38679034af332785aac8774540895e234f4d07f7545804097de4b666afd8/packaging-25.0-py3-none-any.whl", hash = "sha256:29572ef2b1f17581046b3a2227d5c611fb25ec70ca1ba8554b24b0e69331a484", size = 66469, upload-time = "2025-04-19T11:48:57.875Z" },
]

[[package]]
name = "pluggy"
version = "1.6.0"
source = { registry = "https://pypi.org/simple" }
sdist = { url = "https://files.pythonhosted.org/packages/f9/e2/3e91f31a7d2b083fe6ef3fa267035b518369d9511ffab804f839851d2779/pluggy-1.6.0.tar.gz", hash = "sha256:7dcc130b76258d33b90f61b658791dede3486c3e6bfb003ee5c9bfb396dd22f3", size = 69412, upload-time = "2025-05-15T12:30:07.975Z" }
wheels = [
    { url = "https://files.pythonhosted.org/packages/54/20/4d324d65cc6d9205fabedc306948156824eb9f0ee1633355a8f7ec5c66bf/pluggy-1.6.0-py3-none-any.whl", hash = "sha256:e920276dd6813095e9377c0bc5566d94c932c33b27a3e3945d8389c374dd4746", size = 20538, upload-time = "2025-05-15T12:30:06.134Z" },
]

[[package]]
name = "pygments"
version = "2.19.2"
source = { registry = "https://pypi.org/simple" }
sdist = { url = "https://files.pythonhosted.org/packages/b0/77/a5b8c569bf593b0140bde72ea885a803b82086995367bf2037de0159d924/pygments-2.19.2.tar.gz", hash = "sha256:636cb2477cec7f8952536970bc533bc43743542f70392ae026374600add5b887", size = 4968631, upload-time = "2025-06-21T13:39:12.283Z" }
wheels = [
    { url = "https://files.pythonhosted.org/packages/c7/21/705964c7812476f378728bdf590ca4b771ec72385c533964653c68e86bdc/pygments-2.19.2-py3-none-any.whl", hash = "sha256:86540386c03d588bb81d44bc3928634ff26449851e99741617ecb9037ee5ec0b", size = 1225217, upload-time = "2025-06-21T13:39:07.939Z" },
]

[[package]]
name = "pytest"
version = "9.0.2"
source = { registry = "https://pypi.org/simple" }
dependencies = [
    { name = "colorama", marker = "sys_platform == 'win32'" },
    { name = "iniconfig" },
    { name = "packaging" },
    { name = "pluggy" },
    { name = "pygments" },
]
sdist = { url = "https://files.pythonhosted.org/packages/d1/db/7ef3487e0fb0049ddb5ce41d3a49c235bf9ad299b6a25d5780a89f19230f/pytest-9.0.2.tar.gz", hash = "sha256:75186651a92bd89611d1d9fc20f0b4345fd827c41ccd5c299a868a05d70edf11", size = 1568901, upload-time = "2025-12-06T21:30:51.014Z" }
wheels = [
    { url = "https://files.pythonhosted.org/packages/3b/ab/b3226f0bd7cdcf710fbede2b3548584366da3b19b5021e74f5bde2a8fa3f/pytest-9.0.2-py3-none-any.whl", hash = "sha256:711ffd45bf766d5264d487b917733b453d917afd2b0ad65223959f59089f875b", size = 374801, upload-time = "2025-12-06T21:30:49.154Z" },
]

[[package]]
name = "yamlicious"
version = "1.0.0a10"
source = { virtual = "." }
dependencies = [
    { name = "fable-library" },
    { name = "pytest" },
]

[package.metadata]
requires-dist = [
    { name = "fable-library", specifier = ">=5.0.0" },
    { name = "pytest", specifier = ">=9.0.2" },
]
