version = 1
revision = 3
requires-python = ">=3.14"

[[package]]
name = "colorama"
version = "0.4.6"
source = { registry = "https://pypi.org/simple" }
sdist = { url = "https://files.pythonhosted.org/packages/d8/53/6f443c9a4a8358a93a6792e2acffb9d9d5cb0a5cfd8802644b7b1c9a02e4/colorama-0.4.6.tar.gz", hash = "sha256:08695f5cb7ed6e0531a20572697297273c47b8cae5a63ffc6d6ed5c201be6e44", size = 27697, upload-time = "2022-10-25T02:36:22.414Z" }
wheels = [
    { url = "https://files.pythonhosted.org/packages/d1/d6/3965ed04c63042e047cb6a3e6ed1a63a35087b6a609aa3a15ed8ac56c221/colorama-0.4.6-py2.py3-none-any.whl", hash = "sha256:4f1d9991f5acc0ca119f9d443620b77f9d6b33703e51011c16baf57afb285fc6", size = 25335, upload-time = "2022-10-25T02:36:20.889Z" },
]

[[package]]
name = "fable-library"
version = "5.1.0"
source = { registry = "https://pypi.org/simple" }
sdist = { url = "https://files.pythonhosted.org/packages/8e/e0/65fe5e6b0b3816b2807d9c445b1de8264727ec31aefdaa9aa442652db84e/fable_library-5.1.0.tar.gz", hash = "sha256:e07861cfe8679e12eaa05756fce5e09a4f8aaae3b417f14071dba9398573a4ae", size = 225011, upload-time = "2026-05-28T18:51:31.557Z" }
wheels = [
    { url = "https://files.pythonhosted.org/packages/82/73/aae7f2e77091486f88a38fa26506f44bc6ce90cbed903c3ad93ba51f8500/fable_library-5.1.0-cp314-cp314-macosx_10_12_x86_64.whl", hash = "sha256:111e2831bd7e7d2cc58cdc12d3c45486512cbeb807118749ae63275ea52223ef", size = 1722758, upload-time = "2026-05-28T18:50:44.328Z" },
    { url = "https://files.pythonhosted.org/packages/ac/e7/480fdab9e2bedf37e58939b362e9dac2e50301989ff29600c6cb08efe5ee/fable_library-5.1.0-cp314-cp314-macosx_11_0_arm64.whl", hash = "sha256:0ec49c6dfa3c0dfb9d7688cac92beb138ccfeaca8837655f8ac3fc8e7be10edc", size = 1636037, upload-time = "2026-05-28T18:50:38.395Z" },
    { url = "https://files.pythonhosted.org/packages/96/b4/e73528f386a323f1e9beef34434fe771e2b378c025cda13103b203075f0d/fable_library-5.1.0-cp314-cp314-manylinux_2_17_aarch64.manylinux2014_aarch64.whl", hash = "sha256:c452d2482ad28f9fc8c97c5ed2bc47ffabd85c87b40fb5ea49af22071725de9e", size = 1746075, upload-time = "2026-05-28T18:49:36.43Z" },
    { url = "https://files.pythonhosted.org/packages/98/b5/37d700f956325a4782a2b0cf3a0749dbb2955c676180d8af96cc405633bb/fable_library-5.1.0-cp314-cp314-manylinux_2_17_armv7l.manylinux2014_armv7l.whl", hash = "sha256:d2fa8228739efc17ae3a5e7829252ae80c3a44cc696d5fee7d09a9bfaf43056e", size = 1710106, upload-time = "2026-05-28T18:49:47.011Z" },
    { url = "https://files.pythonhosted.org/packages/c3/c7/f38ff7579197ad580c08677b11c29a0ea2c566d6f64c6a5cc267eff41faa/fable_library-5.1.0-cp314-cp314-manylinux_2_17_ppc64le.manylinux2014_ppc64le.whl", hash = "sha256:3f64e25f298c85f9d777ae478aace5121d22ff9789fac6f4933c3fec60ecab17", size = 1915406, upload-time = "2026-05-28T18:49:58.534Z" },
    { url = "https://files.pythonhosted.org/packages/0b/ab/b76423937e09f41fcff5096f116baa23ec9ec349c9f6084c3558216c8017/fable_library-5.1.0-cp314-cp314-manylinux_2_17_s390x.manylinux2014_s390x.whl", hash = "sha256:842ca3fd1b8d04386564fbe547713f7bf1db66cc4159469dedd3a1db453a5ebf", size = 1850598, upload-time = "2026-05-28T18:50:09.495Z" },
    { url = "https://files.pythonhosted.org/packages/bb/92/373ca04d371a49542cca40e425060cf29d0de7789d32cc03bd850a98038c/fable_library-5.1.0-cp314-cp314-manylinux_2_17_x86_64.manylinux2014_x86_64.whl", hash = "sha256:cd91146e762771d9d14bd4cfd8ccf2541a872487ff2e613d7b8d52792e107231", size = 1758102, upload-time = "2026-05-28T18:50:29.918Z" },
    { url = "https://files.pythonhosted.org/packages/f5/35/6516299fe5357674f034e98283c97e886cca7bf46a9f2a12b45d39502b1e/fable_library-5.1.0-cp314-cp314-manylinux_2_5_i686.manylinux1_i686.whl", hash = "sha256:89ccb55ef768bc7fce6c514c999c35e5c0d4cdc3ef63bf6ee98c48342413619b", size = 1854610, upload-time = "2026-05-28T18:50:19.843Z" },
    { url = "https://files.pythonhosted.org/packages/97/ef/e22cdb6ef00ca2291fc8e945f6d125e41258be1a699aaa761dfbb6f7c70c/fable_library-5.1.0-cp314-cp314-musllinux_1_2_aarch64.whl", hash = "sha256:42c59cb9c568327290f7481f7f1e5697d90b1d179b70f25a10ab890b27be12dd", size = 1920332, upload-time = "2026-05-28T18:50:52.735Z" },
    { url = "https://files.pythonhosted.org/packages/cb/2b/0aedc0df31fc64b9b331bdf5025bdf32921ebc2c72c9d1694e53c55d1e42/fable_library-5.1.0-cp314-cp314-musllinux_1_2_armv7l.whl", hash = "sha256:8a5fda73f39fff62514030084b93ca49b2f8ed187f5a5e04449298975074f0ff", size = 1986482, upload-time = "2026-05-28T18:51:04.546Z" },
    { url = "https://files.pythonhosted.org/packages/a3/44/66fb39d4df35d65fa0cc5976c31a61662fb15f2cedc7b980c2a70702a8e4/fable_library-5.1.0-cp314-cp314-musllinux_1_2_i686.whl", hash = "sha256:795f943625ce92ee5bb6d3e37710e6740a92bcc31b1ea83179e46528d5405e86", size = 2007798, upload-time = "2026-05-28T18:51:15.888Z" },
    { url = "https://files.pythonhosted.org/packages/68/19/eb1f9fd98baa433b0b5c8ca3ae95b5fbdb6324b6b1155fd46399413010c3/fable_library-5.1.0-cp314-cp314-musllinux_1_2_x86_64.whl", hash = "sha256:7265d3d0fbc5a9c8239b094cd050801af7299fefaae056f0b8bc1f34162a3719", size = 2020126, upload-time = "2026-05-28T18:51:27.262Z" },
    { url = "https://files.pythonhosted.org/packages/41/8e/38840f14d96c85bc2944d1c63491fd862f4c17f1b00b43a0de993975b62f/fable_library-5.1.0-cp314-cp314-win32.whl", hash = "sha256:df85120f94020fb98ce4781866fdfccda04a9472ddfcab0c8196e14be06c31ef", size = 1343795, upload-time = "2026-05-28T18:51:40.326Z" },
    { url = "https://files.pythonhosted.org/packages/8b/a3/7795ab9395df60df808e4a5bd67855890d652a527d6a0883624a70d59272/fable_library-5.1.0-cp314-cp314-win_amd64.whl", hash = "sha256:cb712670710ea74e4c854d248c8427f8659145f28ff75f4c2558c927ea2fd7ff", size = 1499482, upload-time = "2026-05-28T18:51:38.806Z" },
    { url = "https://files.pythonhosted.org/packages/ce/0a/f50c09550cc4f6fed55c41aafa8e3b86e65296c688d9a35a73e4084ce4e2/fable_library-5.1.0-cp314-cp314t-manylinux_2_17_aarch64.manylinux2014_aarch64.whl", hash = "sha256:2b69a4a7926ee5e1e0e39098b487bc3cf0064ccad4870486607aeacdd22a180b", size = 1758447, upload-time = "2026-05-28T18:49:37.797Z" },
    { url = "https://files.pythonhosted.org/packages/be/66/e1b0d5cb3351ad9e84feef9d9e09050f978aeb90fd31ccc4b327665bfb7b/fable_library-5.1.0-cp314-cp314t-manylinux_2_17_armv7l.manylinux2014_armv7l.whl", hash = "sha256:9c01ba79da927d0bd4e8e82744d23d55a3f49d131296320534a01b919aa9c728", size = 1730305, upload-time = "2026-05-28T18:49:48.542Z" },
    { url = "https://files.pythonhosted.org/packages/a3/f2/3a03ccdf8884d8ab84c429ff1c91ced5756bfb5a58b5c51a395fdbb1031b/fable_library-5.1.0-cp314-cp314t-manylinux_2_17_ppc64le.manylinux2014_ppc64le.whl", hash = "sha256:15e8c882a87fd1b22706bf7f8631fa96dfc69dff6743a7746cba176fbddeeb6c", size = 1930084, upload-time = "2026-05-28T18:49:59.83Z" },
    { url = "https://files.pythonhosted.org/packages/32/71/b2bc2d77034e37ab43cef914e2a9c8f0740bdb709f6b76d62e9ed3a631fe/fable_library-5.1.0-cp314-cp314t-manylinux_2_17_s390x.manylinux2014_s390x.whl", hash = "sha256:a47acfbba112a8f9a4ee1e500c0aa480dff8870c7c7a83cd3447eee6c15381f3", size = 1872523, upload-time = "2026-05-28T18:50:10.909Z" },
    { url = "https://files.pythonhosted.org/packages/2f/1b/6fffb5aae6a1c3bf879173e7ac6529c36ebcddc4d780aa9f0e2ed5fbd1ab/fable_library-5.1.0-cp314-cp314t-musllinux_1_2_aarch64.whl", hash = "sha256:3b3ef8ac594a5c2b576e62f5fbb8ab9a868f49c9fdf9b0a4aeeaa93cf369a78b", size = 1932424, upload-time = "2026-05-28T18:50:54.254Z" },
    { url = "https://files.pythonhosted.org/packages/48/f2/03a37c4d77b06f331fde4aa48a3f9afa503fdf81a67d644b4ed8092a8d63/fable_library-5.1.0-cp314-cp314t-musllinux_1_2_armv7l.whl", hash = "sha256:7fe3bcc7d713db7627890915c0b2feed3620c44033e0969c7f88cb7d31c365fc", size = 2006593, upload-time = "2026-05-28T18:51:05.868Z" },
    { url = "https://files.pythonhosted.org/packages/c7/08/3f96d42fe6c2c9dcfb2ac7332dc7edc63f8a5705b3c34206e05bf168b5fb/fable_library-5.1.0-cp314-cp314t-musllinux_1_2_i686.whl", hash = "sha256:ab5e4ff1c167107147b91d8743e6a52314e08f8ea6461faf62adbe5d79537cbf", size = 2028146, upload-time = "2026-05-28T18:51:17.325Z" },
    { url = "https://files.pythonhosted.org/packages/eb/d6/52dd2d2c23e4b11fc4a6d78bb470b0b0e2683fe982fc836212f829a369cc/fable_library-5.1.0-cp314-cp314t-musllinux_1_2_x86_64.whl", hash = "sha256:94c449469250189a72d0a04f5049d7c1065201542f393084a24689df78fc9ed1", size = 2038626, upload-time = "2026-05-28T18:51:28.627Z" },
    { url = "https://files.pythonhosted.org/packages/ac/5d/5c3fa9eeb4807b9c66422d67ccfb333a4b1b52f308a1c920064d6b20954d/fable_library-5.1.0-cp315-cp315-manylinux_2_17_x86_64.manylinux2014_x86_64.whl", hash = "sha256:250f7230afbc25e339b90fbb9b761eee12056cecf20fe14e1132afbbb965de90", size = 1758568, upload-time = "2026-05-28T18:50:31.247Z" },
    { url = "https://files.pythonhosted.org/packages/5e/d1/21e9ec870f10093cbb3de0c7314e3d0857c337d7339147b16272bf1024c3/fable_library-5.1.0-cp315-cp315-manylinux_2_5_i686.manylinux1_i686.whl", hash = "sha256:1ea1cd14828b377b4e1900da8c76381bae3f7cd60f92c9e82aef577c33f84a19", size = 1854747, upload-time = "2026-05-28T18:50:21.32Z" },
]

[[package]]
name = "iniconfig"
version = "2.3.0"
source = { registry = "https://pypi.org/simple" }
sdist = { url = "https://files.pythonhosted.org/packages/72/34/14ca021ce8e5dfedc35312d08ba8bf51fdd999c576889fc2c24cb97f4f10/iniconfig-2.3.0.tar.gz", hash = "sha256:c76315c77db068650d49c5b56314774a7804df16fee4402c1f19d6d15d8c4730", size = 20503, upload-time = "2025-10-18T21:55:43.219Z" }
wheels = [
    { url = "https://files.pythonhosted.org/packages/cb/b1/3846dd7f199d53cb17f49cba7e651e9ce294d8497c8c150530ed11865bb8/iniconfig-2.3.0-py3-none-any.whl", hash = "sha256:f631c04d2c48c52b84d0d0549c99ff3859c98df65b3101406327ecc7d53fbf12", size = 7484, upload-time = "2025-10-18T21:55:41.639Z" },
]

[[package]]
name = "packaging"
version = "25.0"
source = { registry = "https://pypi.org/simple" }
sdist = { url = "https://files.pythonhosted.org/packages/a1/d4/1fc4078c65507b51b96ca8f8c3ba19e6a61c8253c72794544580a7b6c24d/packaging-25.0.tar.gz", hash = "sha256:d443872c98d677bf60f6a1f2f8c1cb748e8fe762d2bf9d3148b5599295b0fc4f", size = 165727, upload-time = "2025-04-19T11:48:59.673Z" }
wheels = [
    { url = "https://files.pythonhosted.org/packages/20/12/38679034af332785aac8774540895e234f4d07f7545804097de4b666afd8/packaging-25.0-py3-none-any.whl", hash = "sha256:29572ef2b1f17581046b3a2227d5c611fb25ec70ca1ba8554b24b0e69331a484", size = 66469, upload-time = "2025-04-19T11:48:57.875Z" },
]

[[package]]
name = "pluggy"
version = "1.6.0"
source = { registry = "https://pypi.org/simple" }
sdist = { url = "https://files.pythonhosted.org/packages/f9/e2/3e91f31a7d2b083fe6ef3fa267035b518369d9511ffab804f839851d2779/pluggy-1.6.0.tar.gz", hash = "sha256:7dcc130b76258d33b90f61b658791dede3486c3e6bfb003ee5c9bfb396dd22f3", size = 69412, upload-time = "2025-05-15T12:30:07.975Z" }
wheels = [
    { url = "https://files.pythonhosted.org/packages/54/20/4d324d65cc6d9205fabedc306948156824eb9f0ee1633355a8f7ec5c66bf/pluggy-1.6.0-py3-none-any.whl", hash = "sha256:e920276dd6813095e9377c0bc5566d94c932c33b27a3e3945d8389c374dd4746", size = 20538, upload-time = "2025-05-15T12:30:06.134Z" },
]

[[package]]
name = "pygments"
version = "2.19.2"
source = { registry = "https://pypi.org/simple" }
sdist = { url = "https://files.pythonhosted.org/packages/b0/77/a5b8c569bf593b0140bde72ea885a803b82086995367bf2037de0159d924/pygments-2.19.2.tar.gz", hash = "sha256:636cb2477cec7f8952536970bc533bc43743542f70392ae026374600add5b887", size = 4968631, upload-time = "2025-06-21T13:39:12.283Z" }
wheels = [
    { url = "https://files.pythonhosted.org/packages/c7/21/705964c7812476f378728bdf590ca4b771ec72385c533964653c68e86bdc/pygments-2.19.2-py3-none-any.whl", hash = "sha256:86540386c03d588bb81d44bc3928634ff26449851e99741617ecb9037ee5ec0b", size = 1225217, upload-time = "2025-06-21T13:39:07.939Z" },
]

[[package]]
name = "pytest"
version = "9.0.2"
source = { registry = "https://pypi.org/simple" }
dependencies = [
    { name = "colorama", marker = "sys_platform == 'win32'" },
    { name = "iniconfig" },
    { name = "packaging" },
    { name = "pluggy" },
    { name = "pygments" },
]
sdist = { url = "https://files.pythonhosted.org/packages/d1/db/7ef3487e0fb0049ddb5ce41d3a49c235bf9ad299b6a25d5780a89f19230f/pytest-9.0.2.tar.gz", hash = "sha256:75186651a92bd89611d1d9fc20f0b4345fd827c41ccd5c299a868a05d70edf11", size = 1568901, upload-time = "2025-12-06T21:30:51.014Z" }
wheels = [
    { url = "https://files.pythonhosted.org/packages/3b/ab/b3226f0bd7cdcf710fbede2b3548584366da3b19b5021e74f5bde2a8fa3f/pytest-9.0.2-py3-none-any.whl", hash = "sha256:711ffd45bf766d5264d487b917733b453d917afd2b0ad65223959f59089f875b", size = 374801, upload-time = "2025-12-06T21:30:49.154Z" },
]

[[package]]
name = "yamlicious"
version = "1.0.0"
source = { virtual = "." }
dependencies = [
    { name = "fable-library" },
    { name = "pytest" },
]

[package.metadata]
requires-dist = [
    { name = "fable-library", specifier = ">=5.1.0,<6.0.0" },
    { name = "pytest", specifier = ">=9.0.2" },
]
